
Microsoft Visual Studio Solution File, Format Version 12.00
# Visual Studio Version 17
VisualStudioVersion = 17.9.34616.47
MinimumVisualStudioVersion = 10.0.40219.1
Project("{FAE04EC0-301F-11D3-BF4B-00C04F79EFBC}") = "Laba_dll", "Laba_dll\Laba_dll.csproj", "{FC72FFB7-C665-45A3-A388-83D6BBBA4726}"
EndProject
Project("{9A19103F-16F7-4668-BE54-9A1E7A4F7556}") = "MyLibrary", "..\MyLibrary\MyLibrary\MyLibrary.csproj", "{A20D58A1-3E5D-4383-833E-8C79CCF23D07}"
EndProject
Global
	GlobalSection(SolutionConfigurationPlatforms) = preSolution
		Debug|Any CPU = Debug|Any CPU
		Release|Any CPU = Release|Any CPU
	EndGlobalSection
	GlobalSection(ProjectConfigurationPlatforms) = postSolution
		{FC72FFB7-C665-45A3-A388-83D6BBBA4726}.Debug|Any CPU.ActiveCfg = Debug|Any CPU
		{FC72FFB7-C665-45A3-A388-83D6BBBA4726}.Debug|Any CPU.Build.0 = Debug|Any CPU
		{FC72FFB7-C665-45A3-A388-83D6BBBA4726}.Release|Any CPU.ActiveCfg = Release|Any CPU
		{FC72FFB7-C665-45A3-A388-83D6BBBA4726}.Release|Any CPU.Build.0 = Release|Any CPU
		{A20D58A1-3E5D-4383-833E-8C79CCF23D07}.Debug|Any CPU.ActiveCfg = Debug|Any CPU
		{A20D58A1-3E5D-4383-833E-8C79CCF23D07}.Debug|Any CPU.Build.0 = Debug|Any CPU
		{A20D58A1-3E5D-4383-833E-8C79CCF23D07}.Release|Any CPU.ActiveCfg = Release|Any CPU
		{A20D58A1-3E5D-4383-833E-8C79CCF23D07}.Release|Any CPU.Build.0 = Release|Any CPU
	EndGlobalSection
	GlobalSection(SolutionProperties) = preSolution
		HideSolutionNode = FALSE
	EndGlobalSection
	GlobalSection(ExtensibilityGlobals) = postSolution
		SolutionGuid = {E86C74F5-6D44-4137-8087-F4F789651ADD}
	EndGlobalSection
EndGlobal
