
Microsoft Visual Studio Solution File, Format Version 12.00
# Visual Studio Version 17
VisualStudioVersion = 17.9.34616.47
MinimumVisualStudioVersion = 10.0.40219.1
Project("{FAE04EC0-301F-11D3-BF4B-00C04F79EFBC}") = "LABA4_addition", "LABA4_addition\LABA4_addition.csproj", "{716F83D4-2F77-41E1-A82E-C5E62476038D}"
EndProject
Global
	GlobalSection(SolutionConfigurationPlatforms) = preSolution
		Debug|Any CPU = Debug|Any CPU
		Release|Any CPU = Release|Any CPU
	EndGlobalSection
	GlobalSection(ProjectConfigurationPlatforms) = postSolution
		{716F83D4-2F77-41E1-A82E-C5E62476038D}.Debug|Any CPU.ActiveCfg = Debug|Any CPU
		{716F83D4-2F77-41E1-A82E-C5E62476038D}.Debug|Any CPU.Build.0 = Debug|Any CPU
		{716F83D4-2F77-41E1-A82E-C5E62476038D}.Release|Any CPU.ActiveCfg = Release|Any CPU
		{716F83D4-2F77-41E1-A82E-C5E62476038D}.Release|Any CPU.Build.0 = Release|Any CPU
	EndGlobalSection
	GlobalSection(SolutionProperties) = preSolution
		HideSolutionNode = FALSE
	EndGlobalSection
	GlobalSection(ExtensibilityGlobals) = postSolution
		SolutionGuid = {46D8CDDA-02BD-4995-A072-CE0820B7DF0E}
	EndGlobalSection
EndGlobal
