
Microsoft Visual Studio Solution File, Format Version 12.00
# Visual Studio Version 17
VisualStudioVersion = 17.8.34322.80
MinimumVisualStudioVersion = 10.0.40219.1
Project("{FAE04EC0-301F-11D3-BF4B-00C04F79EFBC}") = "OP_LABA2", "OP_LABA2\OP_LABA2.csproj", "{93F6FA8A-560E-4588-9051-36A90CB6A891}"
EndProject
Global
	GlobalSection(SolutionConfigurationPlatforms) = preSolution
		Debug|Any CPU = Debug|Any CPU
		Release|Any CPU = Release|Any CPU
	EndGlobalSection
	GlobalSection(ProjectConfigurationPlatforms) = postSolution
		{93F6FA8A-560E-4588-9051-36A90CB6A891}.Debug|Any CPU.ActiveCfg = Debug|Any CPU
		{93F6FA8A-560E-4588-9051-36A90CB6A891}.Debug|Any CPU.Build.0 = Debug|Any CPU
		{93F6FA8A-560E-4588-9051-36A90CB6A891}.Release|Any CPU.ActiveCfg = Release|Any CPU
		{93F6FA8A-560E-4588-9051-36A90CB6A891}.Release|Any CPU.Build.0 = Release|Any CPU
	EndGlobalSection
	GlobalSection(SolutionProperties) = preSolution
		HideSolutionNode = FALSE
	EndGlobalSection
	GlobalSection(ExtensibilityGlobals) = postSolution
		SolutionGuid = {1AA3248A-7C22-4FEB-B925-97C5FEA34D1A}
	EndGlobalSection
EndGlobal
